// !$*UTF8*$!
{
	archiveVersion = 1;
	classes = {
	};
	objectVersion = 46;
	objects = {

/* Begin PBXBuildFile section */
		23D6D6B41964095F00618541 /* TableViewController2.m in Sources */ = {isa = PBXBuildFile; fileRef = 23D6D6B31964095F00618541 /* TableViewController2.m */; };
		23D6D6BA1964117C00618541 /* ViewController.m in Sources */ = {isa = PBXBuildFile; fileRef = 23D6D6B81964117C00618541 /* ViewController.m */; };
		23D6D6C11964213C00618541 /* ViewController2.m in Sources */ = {isa = PBXBuildFile; fileRef = 23D6D6C01964213C00618541 /* ViewController2.m */; };
		23DFF3A519628F0A004473D9 /* Foundation.framework in Frameworks */ = {isa = PBXBuildFile; fileRef = 23DFF3A419628F0A004473D9 /* Foundation.framework */; };
		23DFF3A719628F0A004473D9 /* CoreGraphics.framework in Frameworks */ = {isa = PBXBuildFile; fileRef = 23DFF3A619628F0A004473D9 /* CoreGraphics.framework */; };
		23DFF3A919628F0A004473D9 /* UIKit.framework in Frameworks */ = {isa = PBXBuildFile; fileRef = 23DFF3A819628F0A004473D9 /* UIKit.framework */; };
		23DFF3AF19628F0A004473D9 /* InfoPlist.strings in Resources */ = {isa = PBXBuildFile; fileRef = 23DFF3AD19628F0A004473D9 /* InfoPlist.strings */; };
		23DFF3B119628F0A004473D9 /* main.m in Sources */ = {isa = PBXBuildFile; fileRef = 23DFF3B019628F0A004473D9 /* main.m */; };
		23DFF3B519628F0A004473D9 /* AppDelegate.m in Sources */ = {isa = PBXBuildFile; fileRef = 23DFF3B419628F0A004473D9 /* AppDelegate.m */; };
		23DFF3B819628F0A004473D9 /* Main_iPhone.storyboard in Resources */ = {isa = PBXBuildFile; fileRef = 23DFF3B619628F0A004473D9 /* Main_iPhone.storyboard */; };
		23DFF3BB19628F0A004473D9 /* Main_iPad.storyboard in Resources */ = {isa = PBXBuildFile; fileRef = 23DFF3B919628F0A004473D9 /* Main_iPad.storyboard */; };
		23DFF3C019628F0A004473D9 /* Images.xcassets in Resources */ = {isa = PBXBuildFile; fileRef = 23DFF3BF19628F0A004473D9 /* Images.xcassets */; };
		23DFF3C719628F0A004473D9 /* XCTest.framework in Frameworks */ = {isa = PBXBuildFile; fileRef = 23DFF3C619628F0A004473D9 /* XCTest.framework */; };
		23DFF3C819628F0A004473D9 /* Foundation.framework in Frameworks */ = {isa = PBXBuildFile; fileRef = 23DFF3A419628F0A004473D9 /* Foundation.framework */; };
		23DFF3C919628F0A004473D9 /* UIKit.framework in Frameworks */ = {isa = PBXBuildFile; fileRef = 23DFF3A819628F0A004473D9 /* UIKit.framework */; };
		23DFF3D119628F0A004473D9 /* InfoPlist.strings in Resources */ = {isa = PBXBuildFile; fileRef = 23DFF3CF19628F0A004473D9 /* InfoPlist.strings */; };
		23DFF3D319628F0A004473D9 /* KaTests.m in Sources */ = {isa = PBXBuildFile; fileRef = 23DFF3D219628F0A004473D9 /* KaTests.m */; };
		23DFF3DF1962B789004473D9 /* TableViewController.m in Sources */ = {isa = PBXBuildFile; fileRef = 23DFF3DD1962B789004473D9 /* TableViewController.m */; };
		23DFF3E21962DB07004473D9 /* iphone360_328.jpg in Resources */ = {isa = PBXBuildFile; fileRef = 23DFF3E11962DB07004473D9 /* iphone360_328.jpg */; };
		23DFF3E41962DB16004473D9 /* iphone360_322.jpg in Resources */ = {isa = PBXBuildFile; fileRef = 23DFF3E31962DB16004473D9 /* iphone360_322.jpg */; };
		23DFF3E71962E011004473D9 /* iphone360_2360.jpg in Resources */ = {isa = PBXBuildFile; fileRef = 23DFF3E51962E011004473D9 /* iphone360_2360.jpg */; };
		23DFF3E81962E011004473D9 /* iphone360_512883.jpg in Resources */ = {isa = PBXBuildFile; fileRef = 23DFF3E61962E011004473D9 /* iphone360_512883.jpg */; };
/* End PBXBuildFile section */

/* Begin PBXContainerItemProxy section */
		23DFF3CA19628F0A004473D9 /* PBXContainerItemProxy */ = {
			isa = PBXContainerItemProxy;
			containerPortal = 23DFF39919628F0A004473D9 /* Project object */;
			proxyType = 1;
			remoteGlobalIDString = 23DFF3A019628F0A004473D9;
			remoteInfo = Ka;
		};
/* End PBXContainerItemProxy section */

/* Begin PBXFileReference section */
		23D6D6B21964095F00618541 /* TableViewController2.h */ = {isa = PBXFileReference; fileEncoding = 4; lastKnownFileType = sourcecode.c.h; path = TableViewController2.h; sourceTree = "<group>"; };
		23D6D6B31964095F00618541 /* TableViewController2.m */ = {isa = PBXFileReference; fileEncoding = 4; lastKnownFileType = sourcecode.c.objc; path = TableViewController2.m; sourceTree = "<group>"; };
		23D6D6B81964117C00618541 /* ViewController.m */ = {isa = PBXFileReference; fileEncoding = 4; lastKnownFileType = sourcecode.c.objc; path = ViewController.m; sourceTree = "<group>"; };
		23D6D6BF1964213C00618541 /* ViewController2.h */ = {isa = PBXFileReference; fileEncoding = 4; lastKnownFileType = sourcecode.c.h; path = ViewController2.h; sourceTree = "<group>"; };
		23D6D6C01964213C00618541 /* ViewController2.m */ = {isa = PBXFileReference; fileEncoding = 4; lastKnownFileType = sourcecode.c.objc; path = ViewController2.m; sourceTree = "<group>"; };
		23DFF3A119628F0A004473D9 /* Ka.app */ = {isa = PBXFileReference; explicitFileType = wrapper.application; includeInIndex = 0; path = Ka.app; sourceTree = BUILT_PRODUCTS_DIR; };
		23DFF3A419628F0A004473D9 /* Foundation.framework */ = {isa = PBXFileReference; lastKnownFileType = wrapper.framework; name = Foundation.framework; path = System/Library/Frameworks/Foundation.framework; sourceTree = SDKROOT; };
		23DFF3A619628F0A004473D9 /* CoreGraphics.framework */ = {isa = PBXFileReference; lastKnownFileType = wrapper.framework; name = CoreGraphics.framework; path = System/Library/Frameworks/CoreGraphics.framework; sourceTree = SDKROOT; };
		23DFF3A819628F0A004473D9 /* UIKit.framework */ = {isa = PBXFileReference; lastKnownFileType = wrapper.framework; name = UIKit.framework; path = System/Library/Frameworks/UIKit.framework; sourceTree = SDKROOT; };
		23DFF3AC19628F0A004473D9 /* Ka-Info.plist */ = {isa = PBXFileReference; lastKnownFileType = text.plist.xml; path = "Ka-Info.plist"; sourceTree = "<group>"; };
		23DFF3AE19628F0A004473D9 /* en */ = {isa = PBXFileReference; lastKnownFileType = text.plist.strings; name = en; path = en.lproj/InfoPlist.strings; sourceTree = "<group>"; };
		23DFF3B019628F0A004473D9 /* main.m */ = {isa = PBXFileReference; lastKnownFileType = sourcecode.c.objc; path = main.m; sourceTree = "<group>"; };
		23DFF3B219628F0A004473D9 /* Ka-Prefix.pch */ = {isa = PBXFileReference; lastKnownFileType = sourcecode.c.h; path = "Ka-Prefix.pch"; sourceTree = "<group>"; };
		23DFF3B319628F0A004473D9 /* AppDelegate.h */ = {isa = PBXFileReference; lastKnownFileType = sourcecode.c.h; path = AppDelegate.h; sourceTree = "<group>"; };
		23DFF3B419628F0A004473D9 /* AppDelegate.m */ = {isa = PBXFileReference; lastKnownFileType = sourcecode.c.objc; path = AppDelegate.m; sourceTree = "<group>"; };
		23DFF3B719628F0A004473D9 /* Base */ = {isa = PBXFileReference; lastKnownFileType = file.storyboard; name = Base; path = Base.lproj/Main_iPhone.storyboard; sourceTree = "<group>"; };
		23DFF3BA19628F0A004473D9 /* Base */ = {isa = PBXFileReference; lastKnownFileType = file.storyboard; name = Base; path = Base.lproj/Main_iPad.storyboard; sourceTree = "<group>"; };
		23DFF3BC19628F0A004473D9 /* ViewController.h */ = {isa = PBXFileReference; lastKnownFileType = sourcecode.c.h; path = ViewController.h; sourceTree = "<group>"; };
		23DFF3BF19628F0A004473D9 /* Images.xcassets */ = {isa = PBXFileReference; lastKnownFileType = folder.assetcatalog; path = Images.xcassets; sourceTree = "<group>"; };
		23DFF3C519628F0A004473D9 /* KaTests.xctest */ = {isa = PBXFileReference; explicitFileType = wrapper.cfbundle; includeInIndex = 0; path = KaTests.xctest; sourceTree = BUILT_PRODUCTS_DIR; };
		23DFF3C619628F0A004473D9 /* XCTest.framework */ = {isa = PBXFileReference; lastKnownFileType = wrapper.framework; name = XCTest.framework; path = Library/Frameworks/XCTest.framework; sourceTree = DEVELOPER_DIR; };
		23DFF3CE19628F0A004473D9 /* KaTests-Info.plist */ = {isa = PBXFileReference; lastKnownFileType = text.plist.xml; path = "KaTests-Info.plist"; sourceTree = "<group>"; };
		23DFF3D019628F0A004473D9 /* en */ = {isa = PBXFileReference; lastKnownFileType = text.plist.strings; name = en; path = en.lproj/InfoPlist.strings; sourceTree = "<group>"; };
		23DFF3D219628F0A004473D9 /* KaTests.m */ = {isa = PBXFileReference; lastKnownFileType = sourcecode.c.objc; path = KaTests.m; sourceTree = "<group>"; };
		23DFF3DC1962B789004473D9 /* TableViewController.h */ = {isa = PBXFileReference; fileEncoding = 4; lastKnownFileType = sourcecode.c.h; path = TableViewController.h; sourceTree = "<group>"; };
		23DFF3DD1962B789004473D9 /* TableViewController.m */ = {isa = PBXFileReference; fileEncoding = 4; lastKnownFileType = sourcecode.c.objc; path = TableViewController.m; sourceTree = "<group>"; };
		23DFF3E11962DB07004473D9 /* iphone360_328.jpg */ = {isa = PBXFileReference; lastKnownFileType = image.jpeg; name = iphone360_328.jpg; path = ../../../Downloads/iphone360_328.jpg; sourceTree = "<group>"; };
		23DFF3E31962DB16004473D9 /* iphone360_322.jpg */ = {isa = PBXFileReference; lastKnownFileType = image.jpeg; name = iphone360_322.jpg; path = ../../../Downloads/iphone360_322.jpg; sourceTree = "<group>"; };
		23DFF3E51962E011004473D9 /* iphone360_2360.jpg */ = {isa = PBXFileReference; lastKnownFileType = image.jpeg; name = iphone360_2360.jpg; path = ../../../Downloads/iphone360_2360.jpg; sourceTree = "<group>"; };
		23DFF3E61962E011004473D9 /* iphone360_512883.jpg */ = {isa = PBXFileReference; lastKnownFileType = image.jpeg; name = iphone360_512883.jpg; path = ../../../Downloads/iphone360_512883.jpg; sourceTree = "<group>"; };
/* End PBXFileReference section */

/* Begin PBXFrameworksBuildPhase section */
		23DFF39E19628F0A004473D9 /* Frameworks */ = {
			isa = PBXFrameworksBuildPhase;
			buildActionMask = 2147483647;
			files = (
				23DFF3A719628F0A004473D9 /* CoreGraphics.framework in Frameworks */,
				23DFF3A919628F0A004473D9 /* UIKit.framework in Frameworks */,
				23DFF3A519628F0A004473D9 /* Foundation.framework in Frameworks */,
			);
			runOnlyForDeploymentPostprocessing = 0;
		};
		23DFF3C219628F0A004473D9 /* Frameworks */ = {
			isa = PBXFrameworksBuildPhase;
			buildActionMask = 2147483647;
			files = (
				23DFF3C719628F0A004473D9 /* XCTest.framework in Frameworks */,
				23DFF3C919628F0A004473D9 /* UIKit.framework in Frameworks */,
				23DFF3C819628F0A004473D9 /* Foundation.framework in Frameworks */,
			);
			runOnlyForDeploymentPostprocessing = 0;
		};
/* End PBXFrameworksBuildPhase section */

/* Begin PBXGroup section */
		23DFF39819628F0A004473D9 = {
			isa = PBXGroup;
			children = (
				23DFF3AA19628F0A004473D9 /* Ka */,
				23DFF3CC19628F0A004473D9 /* KaTests */,
				23DFF3A319628F0A004473D9 /* Frameworks */,
				23DFF3A219628F0A004473D9 /* Products */,
			);
			sourceTree = "<group>";
		};
		23DFF3A219628F0A004473D9 /* Products */ = {
			isa = PBXGroup;
			children = (
				23DFF3A119628F0A004473D9 /* Ka.app */,
				23DFF3C519628F0A004473D9 /* KaTests.xctest */,
			);
			name = Products;
			sourceTree = "<group>";
		};
		23DFF3A319628F0A004473D9 /* Frameworks */ = {
			isa = PBXGroup;
			children = (
				23DFF3A419628F0A004473D9 /* Foundation.framework */,
				23DFF3A619628F0A004473D9 /* CoreGraphics.framework */,
				23DFF3A819628F0A004473D9 /* UIKit.framework */,
				23DFF3C619628F0A004473D9 /* XCTest.framework */,
			);
			name = Frameworks;
			sourceTree = "<group>";
		};
		23DFF3AA19628F0A004473D9 /* Ka */ = {
			isa = PBXGroup;
			children = (
				23DFF3E51962E011004473D9 /* iphone360_2360.jpg */,
				23DFF3E61962E011004473D9 /* iphone360_512883.jpg */,
				23DFF3E31962DB16004473D9 /* iphone360_322.jpg */,
				23DFF3E11962DB07004473D9 /* iphone360_328.jpg */,
				23DFF3B619628F0A004473D9 /* Main_iPhone.storyboard */,
				23DFF3B919628F0A004473D9 /* Main_iPad.storyboard */,
				23DFF3B319628F0A004473D9 /* AppDelegate.h */,
				23DFF3B419628F0A004473D9 /* AppDelegate.m */,
				23DFF3BC19628F0A004473D9 /* ViewController.h */,
				23D6D6BF1964213C00618541 /* ViewController2.h */,
				23D6D6B81964117C00618541 /* ViewController.m */,
				23D6D6C01964213C00618541 /* ViewController2.m */,
				23DFF3DC1962B789004473D9 /* TableViewController.h */,
				23D6D6B21964095F00618541 /* TableViewController2.h */,
				23DFF3DD1962B789004473D9 /* TableViewController.m */,
				23D6D6B31964095F00618541 /* TableViewController2.m */,
				23DFF3BF19628F0A004473D9 /* Images.xcassets */,
				23DFF3AB19628F0A004473D9 /* Supporting Files */,
			);
			path = Ka;
			sourceTree = "<group>";
		};
		23DFF3AB19628F0A004473D9 /* Supporting Files */ = {
			isa = PBXGroup;
			children = (
				23DFF3AC19628F0A004473D9 /* Ka-Info.plist */,
				23DFF3AD19628F0A004473D9 /* InfoPlist.strings */,
				23DFF3B019628F0A004473D9 /* main.m */,
				23DFF3B219628F0A004473D9 /* Ka-Prefix.pch */,
			);
			name = "Supporting Files";
			sourceTree = "<group>";
		};
		23DFF3CC19628F0A004473D9 /* KaTests */ = {
			isa = PBXGroup;
			children = (
				23DFF3D219628F0A004473D9 /* KaTests.m */,
				23DFF3CD19628F0A004473D9 /* Supporting Files */,
			);
			path = KaTests;
			sourceTree = "<group>";
		};
		23DFF3CD19628F0A004473D9 /* Supporting Files */ = {
			isa = PBXGroup;
			children = (
				23DFF3CE19628F0A004473D9 /* KaTests-Info.plist */,
				23DFF3CF19628F0A004473D9 /* InfoPlist.strings */,
			);
			name = "Supporting Files";
			sourceTree = "<group>";
		};
/* End PBXGroup section */

/* Begin PBXNativeTarget section */
		23DFF3A019628F0A004473D9 /* Ka */ = {
			isa = PBXNativeTarget;
			buildConfigurationList = 23DFF3D619628F0A004473D9 /* Build configuration list for PBXNativeTarget "Ka" */;
			buildPhases = (
				23DFF39D19628F0A004473D9 /* Sources */,
				23DFF39E19628F0A004473D9 /* Frameworks */,
				23DFF39F19628F0A004473D9 /* Resources */,
			);
			buildRules = (
			);
			dependencies = (
			);
			name = Ka;
			productName = Ka;
			productReference = 23DFF3A119628F0A004473D9 /* Ka.app */;
			productType = "com.apple.product-type.application";
		};
		23DFF3C419628F0A004473D9 /* KaTests */ = {
			isa = PBXNativeTarget;
			buildConfigurationList = 23DFF3D919628F0A004473D9 /* Build configuration list for PBXNativeTarget "KaTests" */;
			buildPhases = (
				23DFF3C119628F0A004473D9 /* Sources */,
				23DFF3C219628F0A004473D9 /* Frameworks */,
				23DFF3C319628F0A004473D9 /* Resources */,
			);
			buildRules = (
			);
			dependencies = (
				23DFF3CB19628F0A004473D9 /* PBXTargetDependency */,
			);
			name = KaTests;
			productName = KaTests;
			productReference = 23DFF3C519628F0A004473D9 /* KaTests.xctest */;
			productType = "com.apple.product-type.bundle.unit-test";
		};
/* End PBXNativeTarget section */

/* Begin PBXProject section */
		23DFF39919628F0A004473D9 /* Project object */ = {
			isa = PBXProject;
			attributes = {
				LastUpgradeCheck = 0510;
				ORGANIZATIONNAME = "___FULLUSERNAME___";
				TargetAttributes = {
					23DFF3C419628F0A004473D9 = {
						TestTargetID = 23DFF3A019628F0A004473D9;
					};
				};
			};
			buildConfigurationList = 23DFF39C19628F0A004473D9 /* Build configuration list for PBXProject "Ka" */;
			compatibilityVersion = "Xcode 3.2";
			developmentRegion = English;
			hasScannedForEncodings = 0;
			knownRegions = (
				en,
				Base,
			);
			mainGroup = 23DFF39819628F0A004473D9;
			productRefGroup = 23DFF3A219628F0A004473D9 /* Products */;
			projectDirPath = "";
			projectRoot = "";
			targets = (
				23DFF3A019628F0A004473D9 /* Ka */,
				23DFF3C419628F0A004473D9 /* KaTests */,
			);
		};
/* End PBXProject section */

/* Begin PBXResourcesBuildPhase section */
		23DFF39F19628F0A004473D9 /* Resources */ = {
			isa = PBXResourcesBuildPhase;
			buildActionMask = 2147483647;
			files = (
				23DFF3E71962E011004473D9 /* iphone360_2360.jpg in Resources */,
				23DFF3E81962E011004473D9 /* iphone360_512883.jpg in Resources */,
				23DFF3E41962DB16004473D9 /* iphone360_322.jpg in Resources */,
				23DFF3BB19628F0A004473D9 /* Main_iPad.storyboard in Resources */,
				23DFF3C019628F0A004473D9 /* Images.xcassets in Resources */,
				23DFF3B819628F0A004473D9 /* Main_iPhone.storyboard in Resources */,
				23DFF3E21962DB07004473D9 /* iphone360_328.jpg in Resources */,
				23DFF3AF19628F0A004473D9 /* InfoPlist.strings in Resources */,
			);
			runOnlyForDeploymentPostprocessing = 0;
		};
		23DFF3C319628F0A004473D9 /* Resources */ = {
			isa = PBXResourcesBuildPhase;
			buildActionMask = 2147483647;
			files = (
				23DFF3D119628F0A004473D9 /* InfoPlist.strings in Resources */,
			);
			runOnlyForDeploymentPostprocessing = 0;
		};
/* End PBXResourcesBuildPhase section */

/* Begin PBXSourcesBuildPhase section */
		23DFF39D19628F0A004473D9 /* Sources */ = {
			isa = PBXSourcesBuildPhase;
			buildActionMask = 2147483647;
			files = (
				23DFF3B519628F0A004473D9 /* AppDelegate.m in Sources */,
				23DFF3B119628F0A004473D9 /* main.m in Sources */,
				23D6D6B41964095F00618541 /* TableViewController2.m in Sources */,
				23DFF3DF1962B789004473D9 /* TableViewController.m in Sources */,
				23D6D6BA1964117C00618541 /* ViewController.m in Sources */,
				23D6D6C11964213C00618541 /* ViewController2.m in Sources */,
			);
			runOnlyForDeploymentPostprocessing = 0;
		};
		23DFF3C119628F0A004473D9 /* Sources */ = {
			isa = PBXSourcesBuildPhase;
			buildActionMask = 2147483647;
			files = (
				23DFF3D319628F0A004473D9 /* KaTests.m in Sources */,
			);
			runOnlyForDeploymentPostprocessing = 0;
		};
/* End PBXSourcesBuildPhase section */

/* Begin PBXTargetDependency section */
		23DFF3CB19628F0A004473D9 /* PBXTargetDependency */ = {
			isa = PBXTargetDependency;
			target = 23DFF3A019628F0A004473D9 /* Ka */;
			targetProxy = 23DFF3CA19628F0A004473D9 /* PBXContainerItemProxy */;
		};
/* End PBXTargetDependency section */

/* Begin PBXVariantGroup section */
		23DFF3AD19628F0A004473D9 /* InfoPlist.strings */ = {
			isa = PBXVariantGroup;
			children = (
				23DFF3AE19628F0A004473D9 /* en */,
			);
			name = InfoPlist.strings;
			sourceTree = "<group>";
		};
		23DFF3B619628F0A004473D9 /* Main_iPhone.storyboard */ = {
			isa = PBXVariantGroup;
			children = (
				23DFF3B719628F0A004473D9 /* Base */,
			);
			name = Main_iPhone.storyboard;
			sourceTree = "<group>";
		};
		23DFF3B919628F0A004473D9 /* Main_iPad.storyboard */ = {
			isa = PBXVariantGroup;
			children = (
				23DFF3BA19628F0A004473D9 /* Base */,
			);
			name = Main_iPad.storyboard;
			sourceTree = "<group>";
		};
		23DFF3CF19628F0A004473D9 /* InfoPlist.strings */ = {
			isa = PBXVariantGroup;
			children = (
				23DFF3D019628F0A004473D9 /* en */,
			);
			name = InfoPlist.strings;
			sourceTree = "<group>";
		};
/* End PBXVariantGroup section */

/* Begin XCBuildConfiguration section */
		23DFF3D419628F0A004473D9 /* Debug */ = {
			isa = XCBuildConfiguration;
			buildSettings = {
				ALWAYS_SEARCH_USER_PATHS = NO;
				CLANG_CXX_LANGUAGE_STANDARD = "gnu++0x";
				CLANG_CXX_LIBRARY = "libc++";
				CLANG_ENABLE_MODULES = YES;
				CLANG_ENABLE_OBJC_ARC = YES;
				CLANG_WARN_BOOL_CONVERSION = YES;
				CLANG_WARN_CONSTANT_CONVERSION = YES;
				CLANG_WARN_DIRECT_OBJC_ISA_USAGE = YES_ERROR;
				CLANG_WARN_EMPTY_BODY = YES;
				CLANG_WARN_ENUM_CONVERSION = YES;
				CLANG_WARN_INT_CONVERSION = YES;
				CLANG_WARN_OBJC_ROOT_CLASS = YES_ERROR;
				CLANG_WARN__DUPLICATE_METHOD_MATCH = YES;
				"CODE_SIGN_IDENTITY[sdk=iphoneos*]" = "iPhone Developer";
				COPY_PHASE_STRIP = NO;
				GCC_C_LANGUAGE_STANDARD = gnu99;
				GCC_DYNAMIC_NO_PIC = NO;
				GCC_OPTIMIZATION_LEVEL = 0;
				GCC_PREPROCESSOR_DEFINITIONS = (
					"DEBUG=1",
					"$(inherited)",
				);
				GCC_SYMBOLS_PRIVATE_EXTERN = NO;
				GCC_WARN_64_TO_32_BIT_CONVERSION = YES;
				GCC_WARN_ABOUT_RETURN_TYPE = YES_ERROR;
				GCC_WARN_UNDECLARED_SELECTOR = YES;
				GCC_WARN_UNINITIALIZED_AUTOS = YES_AGGRESSIVE;
				GCC_WARN_UNUSED_FUNCTION = YES;
				GCC_WARN_UNUSED_VARIABLE = YES;
				IPHONEOS_DEPLOYMENT_TARGET = 7.1;
				ONLY_ACTIVE_ARCH = YES;
				SDKROOT = iphoneos;
				TARGETED_DEVICE_FAMILY = "1,2";
			};
			name = Debug;
		};
		23DFF3D519628F0A004473D9 /* Release */ = {
			isa = XCBuildConfiguration;
			buildSettings = {
				ALWAYS_SEARCH_USER_PATHS = NO;
				CLANG_CXX_LANGUAGE_STANDARD = "gnu++0x";
				CLANG_CXX_LIBRARY = "libc++";
				CLANG_ENABLE_MODULES = YES;
				CLANG_ENABLE_OBJC_ARC = YES;
				CLANG_WARN_BOOL_CONVERSION = YES;
				CLANG_WARN_CONSTANT_CONVERSION = YES;
				CLANG_WARN_DIRECT_OBJC_ISA_USAGE = YES_ERROR;
				CLANG_WARN_EMPTY_BODY = YES;
				CLANG_WARN_ENUM_CONVERSION = YES;
				CLANG_WARN_INT_CONVERSION = YES;
				CLANG_WARN_OBJC_ROOT_CLASS = YES_ERROR;
				CLANG_WARN__DUPLICATE_METHOD_MATCH = YES;
				"CODE_SIGN_IDENTITY[sdk=iphoneos*]" = "iPhone Developer";
				COPY_PHASE_STRIP = YES;
				ENABLE_NS_ASSERTIONS = NO;
				GCC_C_LANGUAGE_STANDARD = gnu99;
				GCC_WARN_64_TO_32_BIT_CONVERSION = YES;
				GCC_WARN_ABOUT_RETURN_TYPE = YES_ERROR;
				GCC_WARN_UNDECLARED_SELECTOR = YES;
				GCC_WARN_UNINITIALIZED_AUTOS = YES_AGGRESSIVE;
				GCC_WARN_UNUSED_FUNCTION = YES;
				GCC_WARN_UNUSED_VARIABLE = YES;
				IPHONEOS_DEPLOYMENT_TARGET = 7.1;
				SDKROOT = iphoneos;
				TARGETED_DEVICE_FAMILY = "1,2";
				VALIDATE_PRODUCT = YES;
			};
			name = Release;
		};
		23DFF3D719628F0A004473D9 /* Debug */ = {
			isa = XCBuildConfiguration;
			buildSettings = {
				ASSETCATALOG_COMPILER_APPICON_NAME = AppIcon;
				ASSETCATALOG_COMPILER_LAUNCHIMAGE_NAME = LaunchImage;
				GCC_PRECOMPILE_PREFIX_HEADER = YES;
				GCC_PREFIX_HEADER = "Ka/Ka-Prefix.pch";
				INFOPLIST_FILE = "Ka/Ka-Info.plist";
				PRODUCT_NAME = "$(TARGET_NAME)";
				WRAPPER_EXTENSION = app;
			};
			name = Debug;
		};
		23DFF3D819628F0A004473D9 /* Release */ = {
			isa = XCBuildConfiguration;
			buildSettings = {
				ASSETCATALOG_COMPILER_APPICON_NAME = AppIcon;
				ASSETCATALOG_COMPILER_LAUNCHIMAGE_NAME = LaunchImage;
				GCC_PRECOMPILE_PREFIX_HEADER = YES;
				GCC_PREFIX_HEADER = "Ka/Ka-Prefix.pch";
				INFOPLIST_FILE = "Ka/Ka-Info.plist";
				PRODUCT_NAME = "$(TARGET_NAME)";
				WRAPPER_EXTENSION = app;
			};
			name = Release;
		};
		23DFF3DA19628F0A004473D9 /* Debug */ = {
			isa = XCBuildConfiguration;
			buildSettings = {
				BUNDLE_LOADER = "$(BUILT_PRODUCTS_DIR)/Ka.app/Ka";
				FRAMEWORK_SEARCH_PATHS = (
					"$(SDKROOT)/Developer/Library/Frameworks",
					"$(inherited)",
					"$(DEVELOPER_FRAMEWORKS_DIR)",
				);
				GCC_PRECOMPILE_PREFIX_HEADER = YES;
				GCC_PREFIX_HEADER = "Ka/Ka-Prefix.pch";
				GCC_PREPROCESSOR_DEFINITIONS = (
					"DEBUG=1",
					"$(inherited)",
				);
				INFOPLIST_FILE = "KaTests/KaTests-Info.plist";
				PRODUCT_NAME = "$(TARGET_NAME)";
				TEST_HOST = "$(BUNDLE_LOADER)";
				WRAPPER_EXTENSION = xctest;
			};
			name = Debug;
		};
		23DFF3DB19628F0A004473D9 /* Release */ = {
			isa = XCBuildConfiguration;
			buildSettings = {
				BUNDLE_LOADER = "$(BUILT_PRODUCTS_DIR)/Ka.app/Ka";
				FRAMEWORK_SEARCH_PATHS = (
					"$(SDKROOT)/Developer/Library/Frameworks",
					"$(inherited)",
					"$(DEVELOPER_FRAMEWORKS_DIR)",
				);
				GCC_PRECOMPILE_PREFIX_HEADER = YES;
				GCC_PREFIX_HEADER = "Ka/Ka-Prefix.pch";
				INFOPLIST_FILE = "KaTests/KaTests-Info.plist";
				PRODUCT_NAME = "$(TARGET_NAME)";
				TEST_HOST = "$(BUNDLE_LOADER)";
				WRAPPER_EXTENSION = xctest;
			};
			name = Release;
		};
/* End XCBuildConfiguration section */

/* Begin XCConfigurationList section */
		23DFF39C19628F0A004473D9 /* Build configuration list for PBXProject "Ka" */ = {
			isa = XCConfigurationList;
			buildConfigurations = (
				23DFF3D419628F0A004473D9 /* Debug */,
				23DFF3D519628F0A004473D9 /* Release */,
			);
			defaultConfigurationIsVisible = 0;
			defaultConfigurationName = Release;
		};
		23DFF3D619628F0A004473D9 /* Build configuration list for PBXNativeTarget "Ka" */ = {
			isa = XCConfigurationList;
			buildConfigurations = (
				23DFF3D719628F0A004473D9 /* Debug */,
				23DFF3D819628F0A004473D9 /* Release */,
			);
			defaultConfigurationIsVisible = 0;
			defaultConfigurationName = Release;
		};
		23DFF3D919628F0A004473D9 /* Build configuration list for PBXNativeTarget "KaTests" */ = {
			isa = XCConfigurationList;
			buildConfigurations = (
				23DFF3DA19628F0A004473D9 /* Debug */,
				23DFF3DB19628F0A004473D9 /* Release */,
			);
			defaultConfigurationIsVisible = 0;
			defaultConfigurationName = Release;
		};
/* End XCConfigurationList section */
	};
	rootObject = 23DFF39919628F0A004473D9 /* Project object */;
}
